
Microsoft Visual Studio Solution File, Format Version 12.00
# Visual Studio Version 17
VisualStudioVersion = 17.6.33829.357
MinimumVisualStudioVersion = 10.0.40219.1
Project("{FAE04EC0-301F-11D3-BF4B-00C04F79EFBC}") = "BlazorServerEventCallbackRenderDemo", "BlazorServerEventCallbackRenderDemo\BlazorServerEventCallbackRenderDemo.csproj", "{A7D53B58-8E0A-4E77-BC07-9DD6A78EE182}"
EndProject
Global
	GlobalSection(SolutionConfigurationPlatforms) = preSolution
		Debug|Any CPU = Debug|Any CPU
		Release|Any CPU = Release|Any CPU
	EndGlobalSection
	GlobalSection(ProjectConfigurationPlatforms) = postSolution
		{A7D53B58-8E0A-4E77-BC07-9DD6A78EE182}.Debug|Any CPU.ActiveCfg = Debug|Any CPU
		{A7D53B58-8E0A-4E77-BC07-9DD6A78EE182}.Debug|Any CPU.Build.0 = Debug|Any CPU
		{A7D53B58-8E0A-4E77-BC07-9DD6A78EE182}.Release|Any CPU.ActiveCfg = Release|Any CPU
		{A7D53B58-8E0A-4E77-BC07-9DD6A78EE182}.Release|Any CPU.Build.0 = Release|Any CPU
	EndGlobalSection
	GlobalSection(SolutionProperties) = preSolution
		HideSolutionNode = FALSE
	EndGlobalSection
	GlobalSection(ExtensibilityGlobals) = postSolution
		SolutionGuid = {D113A9B2-F2AA-40D5-B19A-1AF4156BAB5F}
	EndGlobalSection
EndGlobal
